
Microsoft Visual Studio Solution File, Format Version 12.00
# Visual Studio Version 17
VisualStudioVersion = 17.5.33627.172
MinimumVisualStudioVersion = 10.0.40219.1
Project("{9A19103F-16F7-4668-BE54-9A1E7A4F7556}") = "Calculatornew", "Calculatornew\Calculatornew.csproj", "{4BCA515C-2897-4823-812C-0FF0335D3587}"
EndProject
Project("{9A19103F-16F7-4668-BE54-9A1E7A4F7556}") = "Calculator", "CalculatorClass\Calculator.csproj", "{82852BEC-9AE0-4A31-AD05-E89185E3A03A}"
EndProject
Project("{9A19103F-16F7-4668-BE54-9A1E7A4F7556}") = "calculator1", "..\calculator1\calculator1\calculator1.csproj", "{6FBB078F-847D-496D-A838-3B939583E0A2}"
EndProject
Global
	GlobalSection(SolutionConfigurationPlatforms) = preSolution
		Debug|Any CPU = Debug|Any CPU
		Release|Any CPU = Release|Any CPU
	EndGlobalSection
	GlobalSection(ProjectConfigurationPlatforms) = postSolution
		{4BCA515C-2897-4823-812C-0FF0335D3587}.Debug|Any CPU.ActiveCfg = Debug|Any CPU
		{4BCA515C-2897-4823-812C-0FF0335D3587}.Debug|Any CPU.Build.0 = Debug|Any CPU
		{4BCA515C-2897-4823-812C-0FF0335D3587}.Release|Any CPU.ActiveCfg = Release|Any CPU
		{4BCA515C-2897-4823-812C-0FF0335D3587}.Release|Any CPU.Build.0 = Release|Any CPU
		{82852BEC-9AE0-4A31-AD05-E89185E3A03A}.Debug|Any CPU.ActiveCfg = Debug|Any CPU
		{82852BEC-9AE0-4A31-AD05-E89185E3A03A}.Debug|Any CPU.Build.0 = Debug|Any CPU
		{82852BEC-9AE0-4A31-AD05-E89185E3A03A}.Release|Any CPU.ActiveCfg = Release|Any CPU
		{82852BEC-9AE0-4A31-AD05-E89185E3A03A}.Release|Any CPU.Build.0 = Release|Any CPU
		{6FBB078F-847D-496D-A838-3B939583E0A2}.Debug|Any CPU.ActiveCfg = Debug|Any CPU
		{6FBB078F-847D-496D-A838-3B939583E0A2}.Debug|Any CPU.Build.0 = Debug|Any CPU
		{6FBB078F-847D-496D-A838-3B939583E0A2}.Release|Any CPU.ActiveCfg = Release|Any CPU
		{6FBB078F-847D-496D-A838-3B939583E0A2}.Release|Any CPU.Build.0 = Release|Any CPU
	EndGlobalSection
	GlobalSection(SolutionProperties) = preSolution
		HideSolutionNode = FALSE
	EndGlobalSection
	GlobalSection(ExtensibilityGlobals) = postSolution
		SolutionGuid = {452286AA-B711-4BA5-872C-34C8AABA1477}
	EndGlobalSection
EndGlobal
